
Microsoft Visual Studio Solution File, Format Version 12.00
# Visual Studio Version 16
VisualStudioVersion = 16.0.30907.101
MinimumVisualStudioVersion = 10.0.40219.1
Project("{FAE04EC0-301F-11D3-BF4B-00C04F79EFBC}") = "ClassMetotDemo", "ClassMetotDemo.csproj", "{C0E25A9D-8669-46D8-AA5F-807EC480D22D}"
EndProject
Global
	GlobalSection(SolutionConfigurationPlatforms) = preSolution
		Debug|Any CPU = Debug|Any CPU
		Release|Any CPU = Release|Any CPU
	EndGlobalSection
	GlobalSection(ProjectConfigurationPlatforms) = postSolution
		{C0E25A9D-8669-46D8-AA5F-807EC480D22D}.Debug|Any CPU.ActiveCfg = Debug|Any CPU
		{C0E25A9D-8669-46D8-AA5F-807EC480D22D}.Debug|Any CPU.Build.0 = Debug|Any CPU
		{C0E25A9D-8669-46D8-AA5F-807EC480D22D}.Release|Any CPU.ActiveCfg = Release|Any CPU
		{C0E25A9D-8669-46D8-AA5F-807EC480D22D}.Release|Any CPU.Build.0 = Release|Any CPU
	EndGlobalSection
	GlobalSection(SolutionProperties) = preSolution
		HideSolutionNode = FALSE
	EndGlobalSection
	GlobalSection(ExtensibilityGlobals) = postSolution
		SolutionGuid = {1041E3A6-AD53-4868-A273-A18EA7216702}
	EndGlobalSection
EndGlobal
